
Microsoft Visual Studio Solution File, Format Version 12.00
# Visual Studio 14
VisualStudioVersion = 14.0.25420.1
MinimumVisualStudioVersion = 10.0.40219.1
Project("{FAE04EC0-301F-11D3-BF4B-00C04F79EFBC}") = "MantenerEstadoServidor-Sessions", "MantenerEstadoServidor\MantenerEstadoServidor-Sessions.csproj", "{BB191484-0BE4-41FA-8022-BB1A40021890}"
EndProject
Project("{FAE04EC0-301F-11D3-BF4B-00C04F79EFBC}") = "MantenerEstadoServidor-Cookies", "MantenerEstadoServidor-Cookies\MantenerEstadoServidor-Cookies.csproj", "{AD66712B-EC23-4B4D-B757-1AC7BF520EE3}"
EndProject
Project("{FAE04EC0-301F-11D3-BF4B-00C04F79EFBC}") = "MantenerEstadoServidor-RoutedParam", "routedParam\MantenerEstadoServidor-RoutedParam.csproj", "{F6522114-6A4B-4B8F-AB81-F49B91BAE172}"
EndProject
Global
	GlobalSection(SolutionConfigurationPlatforms) = preSolution
		Debug|Any CPU = Debug|Any CPU
		Release|Any CPU = Release|Any CPU
	EndGlobalSection
	GlobalSection(ProjectConfigurationPlatforms) = postSolution
		{BB191484-0BE4-41FA-8022-BB1A40021890}.Debug|Any CPU.ActiveCfg = Debug|Any CPU
		{BB191484-0BE4-41FA-8022-BB1A40021890}.Debug|Any CPU.Build.0 = Debug|Any CPU
		{BB191484-0BE4-41FA-8022-BB1A40021890}.Release|Any CPU.ActiveCfg = Release|Any CPU
		{BB191484-0BE4-41FA-8022-BB1A40021890}.Release|Any CPU.Build.0 = Release|Any CPU
		{AD66712B-EC23-4B4D-B757-1AC7BF520EE3}.Debug|Any CPU.ActiveCfg = Debug|Any CPU
		{AD66712B-EC23-4B4D-B757-1AC7BF520EE3}.Debug|Any CPU.Build.0 = Debug|Any CPU
		{AD66712B-EC23-4B4D-B757-1AC7BF520EE3}.Release|Any CPU.ActiveCfg = Release|Any CPU
		{AD66712B-EC23-4B4D-B757-1AC7BF520EE3}.Release|Any CPU.Build.0 = Release|Any CPU
		{F6522114-6A4B-4B8F-AB81-F49B91BAE172}.Debug|Any CPU.ActiveCfg = Debug|Any CPU
		{F6522114-6A4B-4B8F-AB81-F49B91BAE172}.Debug|Any CPU.Build.0 = Debug|Any CPU
		{F6522114-6A4B-4B8F-AB81-F49B91BAE172}.Release|Any CPU.ActiveCfg = Release|Any CPU
		{F6522114-6A4B-4B8F-AB81-F49B91BAE172}.Release|Any CPU.Build.0 = Release|Any CPU
	EndGlobalSection
	GlobalSection(SolutionProperties) = preSolution
		HideSolutionNode = FALSE
	EndGlobalSection
EndGlobal
